
Microsoft Visual Studio Solution File, Format Version 12.00
# Visual Studio 15
VisualStudioVersion = 15.0.28307.329
MinimumVisualStudioVersion = 10.0.40219.1
Project("{FAE04EC0-301F-11D3-BF4B-00C04F79EFBC}") = "GetGcePdName", "GetGcePdName\GetGcePdName.csproj", "{F28905DB-BA65-49B0-B798-038CB4326EF4}"
EndProject
Global
	GlobalSection(SolutionConfigurationPlatforms) = preSolution
		Debug|Any CPU = Debug|Any CPU
		Release|Any CPU = Release|Any CPU
	EndGlobalSection
	GlobalSection(ProjectConfigurationPlatforms) = postSolution
		{F28905DB-BA65-49B0-B798-038CB4326EF4}.Debug|Any CPU.ActiveCfg = Debug|Any CPU
		{F28905DB-BA65-49B0-B798-038CB4326EF4}.Debug|Any CPU.Build.0 = Debug|Any CPU
		{F28905DB-BA65-49B0-B798-038CB4326EF4}.Release|Any CPU.ActiveCfg = Release|Any CPU
		{F28905DB-BA65-49B0-B798-038CB4326EF4}.Release|Any CPU.Build.0 = Release|Any CPU
	EndGlobalSection
	GlobalSection(SolutionProperties) = preSolution
		HideSolutionNode = FALSE
	EndGlobalSection
	GlobalSection(ExtensibilityGlobals) = postSolution
		SolutionGuid = {971BD6B3-961D-4B9A-8006-B8B8187F521E}
	EndGlobalSection
EndGlobal
